{
  "name": "diabetes",
  "lockfileVersion": 3,
  "requires": true,
  "packages": {
    "": {
      "dependencies": {
        "numpy": "^0.0.1",
        "streamlit": "^2.51.2"
      }
    },
    "node_modules/numpy": {
      "version": "0.0.1",
      "resolved": "https://registry.npmjs.org/numpy/-/numpy-0.0.1.tgz",
      "integrity": "sha512-HPoSFyRtH4dRUGjI6bzeVKgfOeNtIAWLvVWMqbaNGmWKE+npdnZ6L78TEJELgZBb+9XpL6r16vOz1jaQ7YVI7Q==",
      "license": "MIT"
    },
    "node_modules/streamlit": {
      "version": "2.51.2",
      "resolved": "https://registry.npmjs.org/streamlit/-/streamlit-2.51.2.tgz",
      "integrity": "sha512-ZMF3Z7ueouGnw98p+T96hFKrTAIBiY1Iz9D5qPQXBOi8+2RkBCmzInBnjZZa9abQVrlsAbndns+6E3aiYs9EGQ==",
      "license": "ISC"
    }
  }
}
